// !$*UTF8*$!
{
	archiveVersion = 1;
	classes = {
	};
	objectVersion = 46;
	objects = {

/* Begin PBXBuildFile section */
		60A329311EAA2748003911F8 /* AppDelegate.swift in Sources */ = {isa = PBXBuildFile; fileRef = 60A329301EAA2748003911F8 /* AppDelegate.swift */; };
		60A329331EAA2748003911F8 /* ViewController.swift in Sources */ = {isa = PBXBuildFile; fileRef = 60A329321EAA2748003911F8 /* ViewController.swift */; };
		60A329361EAA2748003911F8 /* Main.storyboard in Resources */ = {isa = PBXBuildFile; fileRef = 60A329341EAA2748003911F8 /* Main.storyboard */; };
		60A329381EAA2748003911F8 /* Assets.xcassets in Resources */ = {isa = PBXBuildFile; fileRef = 60A329371EAA2748003911F8 /* Assets.xcassets */; };
		60A3293B1EAA2748003911F8 /* LaunchScreen.storyboard in Resources */ = {isa = PBXBuildFile; fileRef = 60A329391EAA2748003911F8 /* LaunchScreen.storyboard */; };
		60A329461EAA2748003911F8 /* BitriseExampleTests.swift in Sources */ = {isa = PBXBuildFile; fileRef = 60A329451EAA2748003911F8 /* BitriseExampleTests.swift */; };
		60A329511EAA2748003911F8 /* BitriseExampleUITests.swift in Sources */ = {isa = PBXBuildFile; fileRef = 60A329501EAA2748003911F8 /* BitriseExampleUITests.swift */; };
		60A329601EAA278F003911F8 /* ViewController.swift in Sources */ = {isa = PBXBuildFile; fileRef = 60A329321EAA2748003911F8 /* ViewController.swift */; };
		60A329611EAA278F003911F8 /* AppDelegate.swift in Sources */ = {isa = PBXBuildFile; fileRef = 60A329301EAA2748003911F8 /* AppDelegate.swift */; };
		60A329641EAA278F003911F8 /* LaunchScreen.storyboard in Resources */ = {isa = PBXBuildFile; fileRef = 60A329391EAA2748003911F8 /* LaunchScreen.storyboard */; };
		60A329651EAA278F003911F8 /* Assets.xcassets in Resources */ = {isa = PBXBuildFile; fileRef = 60A329371EAA2748003911F8 /* Assets.xcassets */; };
		60A329661EAA278F003911F8 /* Main.storyboard in Resources */ = {isa = PBXBuildFile; fileRef = 60A329341EAA2748003911F8 /* Main.storyboard */; };
		60A329821EAA327C003911F8 /* BitriseExampleTests.swift in Sources */ = {isa = PBXBuildFile; fileRef = 60A329451EAA2748003911F8 /* BitriseExampleTests.swift */; };
/* End PBXBuildFile section */

/* Begin PBXContainerItemProxy section */
		60A329421EAA2748003911F8 /* PBXContainerItemProxy */ = {
			isa = PBXContainerItemProxy;
			containerPortal = 60A329251EAA2748003911F8 /* Project object */;
			proxyType = 1;
			remoteGlobalIDString = 60A3292C1EAA2748003911F8;
			remoteInfo = BitriseExample;
		};
		60A3294D1EAA2748003911F8 /* PBXContainerItemProxy */ = {
			isa = PBXContainerItemProxy;
			containerPortal = 60A329251EAA2748003911F8 /* Project object */;
			proxyType = 1;
			remoteGlobalIDString = 60A3292C1EAA2748003911F8;
			remoteInfo = BitriseExample;
		};
		60A329801EAA327C003911F8 /* PBXContainerItemProxy */ = {
			isa = PBXContainerItemProxy;
			containerPortal = 60A329251EAA2748003911F8 /* Project object */;
			proxyType = 1;
			remoteGlobalIDString = 60A3292C1EAA2748003911F8;
			remoteInfo = BitriseExample;
		};
		60A3298A1EAA328E003911F8 /* PBXContainerItemProxy */ = {
			isa = PBXContainerItemProxy;
			containerPortal = 60A329251EAA2748003911F8 /* Project object */;
			proxyType = 1;
			remoteGlobalIDString = 60A3295E1EAA278F003911F8;
			remoteInfo = BitriseExampleV2;
		};
/* End PBXContainerItemProxy section */

/* Begin PBXFileReference section */
		60A3292D1EAA2748003911F8 /* BitriseExample.app */ = {isa = PBXFileReference; explicitFileType = wrapper.application; includeInIndex = 0; path = BitriseExample.app; sourceTree = BUILT_PRODUCTS_DIR; };
		60A329301EAA2748003911F8 /* AppDelegate.swift */ = {isa = PBXFileReference; lastKnownFileType = sourcecode.swift; path = AppDelegate.swift; sourceTree = "<group>"; };
		60A329321EAA2748003911F8 /* ViewController.swift */ = {isa = PBXFileReference; lastKnownFileType = sourcecode.swift; path = ViewController.swift; sourceTree = "<group>"; };
		60A329351EAA2748003911F8 /* Base */ = {isa = PBXFileReference; lastKnownFileType = file.storyboard; name = Base; path = Base.lproj/Main.storyboard; sourceTree = "<group>"; };
		60A329371EAA2748003911F8 /* Assets.xcassets */ = {isa = PBXFileReference; lastKnownFileType = folder.assetcatalog; path = Assets.xcassets; sourceTree = "<group>"; };
		60A3293A1EAA2748003911F8 /* Base */ = {isa = PBXFileReference; lastKnownFileType = file.storyboard; name = Base; path = Base.lproj/LaunchScreen.storyboard; sourceTree = "<group>"; };
		60A3293C1EAA2748003911F8 /* BitriseExampleV1-Info.plist */ = {isa = PBXFileReference; lastKnownFileType = text.plist.xml; path = "BitriseExampleV1-Info.plist"; sourceTree = "<group>"; };
		60A329411EAA2748003911F8 /* BitriseExampleV1Tests.xctest */ = {isa = PBXFileReference; explicitFileType = wrapper.cfbundle; includeInIndex = 0; path = BitriseExampleV1Tests.xctest; sourceTree = BUILT_PRODUCTS_DIR; };
		60A329451EAA2748003911F8 /* BitriseExampleTests.swift */ = {isa = PBXFileReference; lastKnownFileType = sourcecode.swift; path = BitriseExampleTests.swift; sourceTree = "<group>"; };
		60A329471EAA2748003911F8 /* Info.plist */ = {isa = PBXFileReference; lastKnownFileType = text.plist.xml; path = Info.plist; sourceTree = "<group>"; };
		60A3294C1EAA2748003911F8 /* BitriseExampleUITests.xctest */ = {isa = PBXFileReference; explicitFileType = wrapper.cfbundle; includeInIndex = 0; path = BitriseExampleUITests.xctest; sourceTree = BUILT_PRODUCTS_DIR; };
		60A329501EAA2748003911F8 /* BitriseExampleUITests.swift */ = {isa = PBXFileReference; lastKnownFileType = sourcecode.swift; path = BitriseExampleUITests.swift; sourceTree = "<group>"; };
		60A329521EAA2748003911F8 /* Info.plist */ = {isa = PBXFileReference; lastKnownFileType = text.plist.xml; path = Info.plist; sourceTree = "<group>"; };
		60A3296A1EAA278F003911F8 /* BitriseExampleV2.app */ = {isa = PBXFileReference; explicitFileType = wrapper.application; includeInIndex = 0; path = BitriseExampleV2.app; sourceTree = BUILT_PRODUCTS_DIR; };
		60A3296B1EAA278F003911F8 /* BitriseExampleV2-Info.plist */ = {isa = PBXFileReference; lastKnownFileType = text.plist.xml; name = "BitriseExampleV2-Info.plist"; path = "/Users/alanoconnor/git/BitriseExample/BitriseExampleV2-Info.plist"; sourceTree = "<absolute>"; };
		60A329881EAA327C003911F8 /* BitriseExampleV2Tests.xctest */ = {isa = PBXFileReference; explicitFileType = wrapper.cfbundle; includeInIndex = 0; path = BitriseExampleV2Tests.xctest; sourceTree = BUILT_PRODUCTS_DIR; };
		60A329891EAA327C003911F8 /* BitriseExampleTests copy-Info.plist */ = {isa = PBXFileReference; lastKnownFileType = text.plist.xml; name = "BitriseExampleTests copy-Info.plist"; path = "/Users/alanoconnor/git/BitriseExample/BitriseExampleTests copy-Info.plist"; sourceTree = "<absolute>"; };
/* End PBXFileReference section */

/* Begin PBXFrameworksBuildPhase section */
		60A3292A1EAA2748003911F8 /* Frameworks */ = {
			isa = PBXFrameworksBuildPhase;
			buildActionMask = 2147483647;
			files = (
			);
			runOnlyForDeploymentPostprocessing = 0;
		};
		60A3293E1EAA2748003911F8 /* Frameworks */ = {
			isa = PBXFrameworksBuildPhase;
			buildActionMask = 2147483647;
			files = (
			);
			runOnlyForDeploymentPostprocessing = 0;
		};
		60A329491EAA2748003911F8 /* Frameworks */ = {
			isa = PBXFrameworksBuildPhase;
			buildActionMask = 2147483647;
			files = (
			);
			runOnlyForDeploymentPostprocessing = 0;
		};
		60A329621EAA278F003911F8 /* Frameworks */ = {
			isa = PBXFrameworksBuildPhase;
			buildActionMask = 2147483647;
			files = (
			);
			runOnlyForDeploymentPostprocessing = 0;
		};
		60A329831EAA327C003911F8 /* Frameworks */ = {
			isa = PBXFrameworksBuildPhase;
			buildActionMask = 2147483647;
			files = (
			);
			runOnlyForDeploymentPostprocessing = 0;
		};
/* End PBXFrameworksBuildPhase section */

/* Begin PBXGroup section */
		60A329241EAA2748003911F8 = {
			isa = PBXGroup;
			children = (
				60A3292F1EAA2748003911F8 /* BitriseExample */,
				60A329441EAA2748003911F8 /* BitriseExampleTests */,
				60A3294F1EAA2748003911F8 /* BitriseExampleUITests */,
				60A3292E1EAA2748003911F8 /* Products */,
				60A329891EAA327C003911F8 /* BitriseExampleTests copy-Info.plist */,
			);
			sourceTree = "<group>";
		};
		60A3292E1EAA2748003911F8 /* Products */ = {
			isa = PBXGroup;
			children = (
				60A3292D1EAA2748003911F8 /* BitriseExample.app */,
				60A329411EAA2748003911F8 /* BitriseExampleV1Tests.xctest */,
				60A3294C1EAA2748003911F8 /* BitriseExampleUITests.xctest */,
				60A3296A1EAA278F003911F8 /* BitriseExampleV2.app */,
				60A329881EAA327C003911F8 /* BitriseExampleV2Tests.xctest */,
			);
			name = Products;
			sourceTree = "<group>";
		};
		60A3292F1EAA2748003911F8 /* BitriseExample */ = {
			isa = PBXGroup;
			children = (
				60A329301EAA2748003911F8 /* AppDelegate.swift */,
				60A329321EAA2748003911F8 /* ViewController.swift */,
				60A329341EAA2748003911F8 /* Main.storyboard */,
				60A329371EAA2748003911F8 /* Assets.xcassets */,
				60A329391EAA2748003911F8 /* LaunchScreen.storyboard */,
				60A3293C1EAA2748003911F8 /* BitriseExampleV1-Info.plist */,
				60A3296B1EAA278F003911F8 /* BitriseExampleV2-Info.plist */,
			);
			path = BitriseExample;
			sourceTree = "<group>";
		};
		60A329441EAA2748003911F8 /* BitriseExampleTests */ = {
			isa = PBXGroup;
			children = (
				60A329451EAA2748003911F8 /* BitriseExampleTests.swift */,
				60A329471EAA2748003911F8 /* Info.plist */,
			);
			path = BitriseExampleTests;
			sourceTree = "<group>";
		};
		60A3294F1EAA2748003911F8 /* BitriseExampleUITests */ = {
			isa = PBXGroup;
			children = (
				60A329501EAA2748003911F8 /* BitriseExampleUITests.swift */,
				60A329521EAA2748003911F8 /* Info.plist */,
			);
			path = BitriseExampleUITests;
			sourceTree = "<group>";
		};
/* End PBXGroup section */

/* Begin PBXNativeTarget section */
		60A3292C1EAA2748003911F8 /* BitriseExampleV1 */ = {
			isa = PBXNativeTarget;
			buildConfigurationList = 60A329551EAA2748003911F8 /* Build configuration list for PBXNativeTarget "BitriseExampleV1" */;
			buildPhases = (
				60A329291EAA2748003911F8 /* Sources */,
				60A3292A1EAA2748003911F8 /* Frameworks */,
				60A3292B1EAA2748003911F8 /* Resources */,
			);
			buildRules = (
			);
			dependencies = (
			);
			name = BitriseExampleV1;
			productName = BitriseExample;
			productReference = 60A3292D1EAA2748003911F8 /* BitriseExample.app */;
			productType = "com.apple.product-type.application";
		};
		60A329401EAA2748003911F8 /* BitriseExampleV1Tests */ = {
			isa = PBXNativeTarget;
			buildConfigurationList = 60A329581EAA2748003911F8 /* Build configuration list for PBXNativeTarget "BitriseExampleV1Tests" */;
			buildPhases = (
				60A3293D1EAA2748003911F8 /* Sources */,
				60A3293E1EAA2748003911F8 /* Frameworks */,
				60A3293F1EAA2748003911F8 /* Resources */,
			);
			buildRules = (
			);
			dependencies = (
				60A329431EAA2748003911F8 /* PBXTargetDependency */,
			);
			name = BitriseExampleV1Tests;
			productName = BitriseExampleTests;
			productReference = 60A329411EAA2748003911F8 /* BitriseExampleV1Tests.xctest */;
			productType = "com.apple.product-type.bundle.unit-test";
		};
		60A3294B1EAA2748003911F8 /* BitriseExampleUITests */ = {
			isa = PBXNativeTarget;
			buildConfigurationList = 60A3295B1EAA2748003911F8 /* Build configuration list for PBXNativeTarget "BitriseExampleUITests" */;
			buildPhases = (
				60A329481EAA2748003911F8 /* Sources */,
				60A329491EAA2748003911F8 /* Frameworks */,
				60A3294A1EAA2748003911F8 /* Resources */,
			);
			buildRules = (
			);
			dependencies = (
				60A3294E1EAA2748003911F8 /* PBXTargetDependency */,
			);
			name = BitriseExampleUITests;
			productName = BitriseExampleUITests;
			productReference = 60A3294C1EAA2748003911F8 /* BitriseExampleUITests.xctest */;
			productType = "com.apple.product-type.bundle.ui-testing";
		};
		60A3295E1EAA278F003911F8 /* BitriseExampleV2 */ = {
			isa = PBXNativeTarget;
			buildConfigurationList = 60A329671EAA278F003911F8 /* Build configuration list for PBXNativeTarget "BitriseExampleV2" */;
			buildPhases = (
				60A3295F1EAA278F003911F8 /* Sources */,
				60A329621EAA278F003911F8 /* Frameworks */,
				60A329631EAA278F003911F8 /* Resources */,
			);
			buildRules = (
			);
			dependencies = (
			);
			name = BitriseExampleV2;
			productName = BitriseExample;
			productReference = 60A3296A1EAA278F003911F8 /* BitriseExampleV2.app */;
			productType = "com.apple.product-type.application";
		};
		60A3297E1EAA327C003911F8 /* BitriseExampleV2Tests */ = {
			isa = PBXNativeTarget;
			buildConfigurationList = 60A329851EAA327C003911F8 /* Build configuration list for PBXNativeTarget "BitriseExampleV2Tests" */;
			buildPhases = (
				60A329811EAA327C003911F8 /* Sources */,
				60A329831EAA327C003911F8 /* Frameworks */,
				60A329841EAA327C003911F8 /* Resources */,
			);
			buildRules = (
			);
			dependencies = (
				60A3297F1EAA327C003911F8 /* PBXTargetDependency */,
				60A3298B1EAA328E003911F8 /* PBXTargetDependency */,
			);
			name = BitriseExampleV2Tests;
			productName = BitriseExampleTests;
			productReference = 60A329881EAA327C003911F8 /* BitriseExampleV2Tests.xctest */;
			productType = "com.apple.product-type.bundle.unit-test";
		};
/* End PBXNativeTarget section */

/* Begin PBXProject section */
		60A329251EAA2748003911F8 /* Project object */ = {
			isa = PBXProject;
			attributes = {
				LastSwiftUpdateCheck = 0820;
				LastUpgradeCheck = 0820;
				ORGANIZATIONNAME = codebiscuits;
				TargetAttributes = {
					60A3292C1EAA2748003911F8 = {
						CreatedOnToolsVersion = 8.2.1;
						DevelopmentTeam = L9X9NTL2UH;
						ProvisioningStyle = Automatic;
					};
					60A329401EAA2748003911F8 = {
						CreatedOnToolsVersion = 8.2.1;
						ProvisioningStyle = Automatic;
						TestTargetID = 60A3292C1EAA2748003911F8;
					};
					60A3294B1EAA2748003911F8 = {
						CreatedOnToolsVersion = 8.2.1;
						ProvisioningStyle = Automatic;
						TestTargetID = 60A3292C1EAA2748003911F8;
					};
					60A3295E1EAA278F003911F8 = {
						DevelopmentTeam = L9X9NTL2UH;
					};
					60A3297E1EAA327C003911F8 = {
						TestTargetID = 60A3295E1EAA278F003911F8;
					};
				};
			};
			buildConfigurationList = 60A329281EAA2748003911F8 /* Build configuration list for PBXProject "BitriseExample" */;
			compatibilityVersion = "Xcode 3.2";
			developmentRegion = English;
			hasScannedForEncodings = 0;
			knownRegions = (
				en,
				Base,
			);
			mainGroup = 60A329241EAA2748003911F8;
			productRefGroup = 60A3292E1EAA2748003911F8 /* Products */;
			projectDirPath = "";
			projectRoot = "";
			targets = (
				60A3292C1EAA2748003911F8 /* BitriseExampleV1 */,
				60A3295E1EAA278F003911F8 /* BitriseExampleV2 */,
				60A329401EAA2748003911F8 /* BitriseExampleV1Tests */,
				60A3297E1EAA327C003911F8 /* BitriseExampleV2Tests */,
				60A3294B1EAA2748003911F8 /* BitriseExampleUITests */,
			);
		};
/* End PBXProject section */

/* Begin PBXResourcesBuildPhase section */
		60A3292B1EAA2748003911F8 /* Resources */ = {
			isa = PBXResourcesBuildPhase;
			buildActionMask = 2147483647;
			files = (
				60A3293B1EAA2748003911F8 /* LaunchScreen.storyboard in Resources */,
				60A329381EAA2748003911F8 /* Assets.xcassets in Resources */,
				60A329361EAA2748003911F8 /* Main.storyboard in Resources */,
			);
			runOnlyForDeploymentPostprocessing = 0;
		};
		60A3293F1EAA2748003911F8 /* Resources */ = {
			isa = PBXResourcesBuildPhase;
			buildActionMask = 2147483647;
			files = (
			);
			runOnlyForDeploymentPostprocessing = 0;
		};
		60A3294A1EAA2748003911F8 /* Resources */ = {
			isa = PBXResourcesBuildPhase;
			buildActionMask = 2147483647;
			files = (
			);
			runOnlyForDeploymentPostprocessing = 0;
		};
		60A329631EAA278F003911F8 /* Resources */ = {
			isa = PBXResourcesBuildPhase;
			buildActionMask = 2147483647;
			files = (
				60A329641EAA278F003911F8 /* LaunchScreen.storyboard in Resources */,
				60A329651EAA278F003911F8 /* Assets.xcassets in Resources */,
				60A329661EAA278F003911F8 /* Main.storyboard in Resources */,
			);
			runOnlyForDeploymentPostprocessing = 0;
		};
		60A329841EAA327C003911F8 /* Resources */ = {
			isa = PBXResourcesBuildPhase;
			buildActionMask = 2147483647;
			files = (
			);
			runOnlyForDeploymentPostprocessing = 0;
		};
/* End PBXResourcesBuildPhase section */

/* Begin PBXSourcesBuildPhase section */
		60A329291EAA2748003911F8 /* Sources */ = {
			isa = PBXSourcesBuildPhase;
			buildActionMask = 2147483647;
			files = (
				60A329331EAA2748003911F8 /* ViewController.swift in Sources */,
				60A329311EAA2748003911F8 /* AppDelegate.swift in Sources */,
			);
			runOnlyForDeploymentPostprocessing = 0;
		};
		60A3293D1EAA2748003911F8 /* Sources */ = {
			isa = PBXSourcesBuildPhase;
			buildActionMask = 2147483647;
			files = (
				60A329461EAA2748003911F8 /* BitriseExampleTests.swift in Sources */,
			);
			runOnlyForDeploymentPostprocessing = 0;
		};
		60A329481EAA2748003911F8 /* Sources */ = {
			isa = PBXSourcesBuildPhase;
			buildActionMask = 2147483647;
			files = (
				60A329511EAA2748003911F8 /* BitriseExampleUITests.swift in Sources */,
			);
			runOnlyForDeploymentPostprocessing = 0;
		};
		60A3295F1EAA278F003911F8 /* Sources */ = {
			isa = PBXSourcesBuildPhase;
			buildActionMask = 2147483647;
			files = (
				60A329601EAA278F003911F8 /* ViewController.swift in Sources */,
				60A329611EAA278F003911F8 /* AppDelegate.swift in Sources */,
			);
			runOnlyForDeploymentPostprocessing = 0;
		};
		60A329811EAA327C003911F8 /* Sources */ = {
			isa = PBXSourcesBuildPhase;
			buildActionMask = 2147483647;
			files = (
				60A329821EAA327C003911F8 /* BitriseExampleTests.swift in Sources */,
			);
			runOnlyForDeploymentPostprocessing = 0;
		};
/* End PBXSourcesBuildPhase section */

/* Begin PBXTargetDependency section */
		60A329431EAA2748003911F8 /* PBXTargetDependency */ = {
			isa = PBXTargetDependency;
			target = 60A3292C1EAA2748003911F8 /* BitriseExampleV1 */;
			targetProxy = 60A329421EAA2748003911F8 /* PBXContainerItemProxy */;
		};
		60A3294E1EAA2748003911F8 /* PBXTargetDependency */ = {
			isa = PBXTargetDependency;
			target = 60A3292C1EAA2748003911F8 /* BitriseExampleV1 */;
			targetProxy = 60A3294D1EAA2748003911F8 /* PBXContainerItemProxy */;
		};
		60A3297F1EAA327C003911F8 /* PBXTargetDependency */ = {
			isa = PBXTargetDependency;
			target = 60A3292C1EAA2748003911F8 /* BitriseExampleV1 */;
			targetProxy = 60A329801EAA327C003911F8 /* PBXContainerItemProxy */;
		};
		60A3298B1EAA328E003911F8 /* PBXTargetDependency */ = {
			isa = PBXTargetDependency;
			target = 60A3295E1EAA278F003911F8 /* BitriseExampleV2 */;
			targetProxy = 60A3298A1EAA328E003911F8 /* PBXContainerItemProxy */;
		};
/* End PBXTargetDependency section */

/* Begin PBXVariantGroup section */
		60A329341EAA2748003911F8 /* Main.storyboard */ = {
			isa = PBXVariantGroup;
			children = (
				60A329351EAA2748003911F8 /* Base */,
			);
			name = Main.storyboard;
			sourceTree = "<group>";
		};
		60A329391EAA2748003911F8 /* LaunchScreen.storyboard */ = {
			isa = PBXVariantGroup;
			children = (
				60A3293A1EAA2748003911F8 /* Base */,
			);
			name = LaunchScreen.storyboard;
			sourceTree = "<group>";
		};
/* End PBXVariantGroup section */

/* Begin XCBuildConfiguration section */
		60A329531EAA2748003911F8 /* Debug */ = {
			isa = XCBuildConfiguration;
			buildSettings = {
				ALWAYS_SEARCH_USER_PATHS = NO;
				CLANG_ANALYZER_NONNULL = YES;
				CLANG_CXX_LANGUAGE_STANDARD = "gnu++0x";
				CLANG_CXX_LIBRARY = "libc++";
				CLANG_ENABLE_MODULES = YES;
				CLANG_ENABLE_OBJC_ARC = YES;
				CLANG_WARN_BOOL_CONVERSION = YES;
				CLANG_WARN_CONSTANT_CONVERSION = YES;
				CLANG_WARN_DIRECT_OBJC_ISA_USAGE = YES_ERROR;
				CLANG_WARN_DOCUMENTATION_COMMENTS = YES;
				CLANG_WARN_EMPTY_BODY = YES;
				CLANG_WARN_ENUM_CONVERSION = YES;
				CLANG_WARN_INFINITE_RECURSION = YES;
				CLANG_WARN_INT_CONVERSION = YES;
				CLANG_WARN_OBJC_ROOT_CLASS = YES_ERROR;
				CLANG_WARN_SUSPICIOUS_MOVE = YES;
				CLANG_WARN_UNREACHABLE_CODE = YES;
				CLANG_WARN__DUPLICATE_METHOD_MATCH = YES;
				"CODE_SIGN_IDENTITY[sdk=iphoneos*]" = "iPhone Developer";
				COPY_PHASE_STRIP = NO;
				DEBUG_INFORMATION_FORMAT = dwarf;
				ENABLE_STRICT_OBJC_MSGSEND = YES;
				ENABLE_TESTABILITY = YES;
				GCC_C_LANGUAGE_STANDARD = gnu99;
				GCC_DYNAMIC_NO_PIC = NO;
				GCC_NO_COMMON_BLOCKS = YES;
				GCC_OPTIMIZATION_LEVEL = 0;
				GCC_PREPROCESSOR_DEFINITIONS = (
					"DEBUG=1",
					"$(inherited)",
				);
				GCC_WARN_64_TO_32_BIT_CONVERSION = YES;
				GCC_WARN_ABOUT_RETURN_TYPE = YES_ERROR;
				GCC_WARN_UNDECLARED_SELECTOR = YES;
				GCC_WARN_UNINITIALIZED_AUTOS = YES_AGGRESSIVE;
				GCC_WARN_UNUSED_FUNCTION = YES;
				GCC_WARN_UNUSED_VARIABLE = YES;
				IPHONEOS_DEPLOYMENT_TARGET = 10.2;
				MTL_ENABLE_DEBUG_INFO = YES;
				ONLY_ACTIVE_ARCH = YES;
				SDKROOT = iphoneos;
				SWIFT_ACTIVE_COMPILATION_CONDITIONS = DEBUG;
				SWIFT_OPTIMIZATION_LEVEL = "-Onone";
				TARGETED_DEVICE_FAMILY = "1,2";
			};
			name = Debug;
		};
		60A329541EAA2748003911F8 /* Release */ = {
			isa = XCBuildConfiguration;
			buildSettings = {
				ALWAYS_SEARCH_USER_PATHS = NO;
				CLANG_ANALYZER_NONNULL = YES;
				CLANG_CXX_LANGUAGE_STANDARD = "gnu++0x";
				CLANG_CXX_LIBRARY = "libc++";
				CLANG_ENABLE_MODULES = YES;
				CLANG_ENABLE_OBJC_ARC = YES;
				CLANG_WARN_BOOL_CONVERSION = YES;
				CLANG_WARN_CONSTANT_CONVERSION = YES;
				CLANG_WARN_DIRECT_OBJC_ISA_USAGE = YES_ERROR;
				CLANG_WARN_DOCUMENTATION_COMMENTS = YES;
				CLANG_WARN_EMPTY_BODY = YES;
				CLANG_WARN_ENUM_CONVERSION = YES;
				CLANG_WARN_INFINITE_RECURSION = YES;
				CLANG_WARN_INT_CONVERSION = YES;
				CLANG_WARN_OBJC_ROOT_CLASS = YES_ERROR;
				CLANG_WARN_SUSPICIOUS_MOVE = YES;
				CLANG_WARN_UNREACHABLE_CODE = YES;
				CLANG_WARN__DUPLICATE_METHOD_MATCH = YES;
				"CODE_SIGN_IDENTITY[sdk=iphoneos*]" = "iPhone Developer";
				COPY_PHASE_STRIP = NO;
				DEBUG_INFORMATION_FORMAT = "dwarf-with-dsym";
				ENABLE_NS_ASSERTIONS = NO;
				ENABLE_STRICT_OBJC_MSGSEND = YES;
				GCC_C_LANGUAGE_STANDARD = gnu99;
				GCC_NO_COMMON_BLOCKS = YES;
				GCC_WARN_64_TO_32_BIT_CONVERSION = YES;
				GCC_WARN_ABOUT_RETURN_TYPE = YES_ERROR;
				GCC_WARN_UNDECLARED_SELECTOR = YES;
				GCC_WARN_UNINITIALIZED_AUTOS = YES_AGGRESSIVE;
				GCC_WARN_UNUSED_FUNCTION = YES;
				GCC_WARN_UNUSED_VARIABLE = YES;
				IPHONEOS_DEPLOYMENT_TARGET = 10.2;
				MTL_ENABLE_DEBUG_INFO = NO;
				SDKROOT = iphoneos;
				SWIFT_OPTIMIZATION_LEVEL = "-Owholemodule";
				TARGETED_DEVICE_FAMILY = "1,2";
				VALIDATE_PRODUCT = YES;
			};
			name = Release;
		};
		60A329561EAA2748003911F8 /* Debug */ = {
			isa = XCBuildConfiguration;
			buildSettings = {
				ASSETCATALOG_COMPILER_APPICON_NAME = AppIcon;
				DEVELOPMENT_TEAM = L9X9NTL2UH;
				INFOPLIST_FILE = "$(SRCROOT)/BitriseExample/BitriseExampleV1-Info.plist";
				LD_RUNPATH_SEARCH_PATHS = "$(inherited) @executable_path/Frameworks";
				PRODUCT_BUNDLE_IDENTIFIER = codebiscuits.BitriseExample;
				PRODUCT_NAME = "$(TARGET_NAME)";
				SWIFT_VERSION = 3.0;
			};
			name = Debug;
		};
		60A329571EAA2748003911F8 /* Release */ = {
			isa = XCBuildConfiguration;
			buildSettings = {
				ASSETCATALOG_COMPILER_APPICON_NAME = AppIcon;
				DEVELOPMENT_TEAM = L9X9NTL2UH;
				INFOPLIST_FILE = "$(SRCROOT)/BitriseExample/BitriseExampleV1-Info.plist";
				LD_RUNPATH_SEARCH_PATHS = "$(inherited) @executable_path/Frameworks";
				PRODUCT_BUNDLE_IDENTIFIER = codebiscuits.BitriseExample;
				PRODUCT_NAME = "$(TARGET_NAME)";
				SWIFT_VERSION = 3.0;
			};
			name = Release;
		};
		60A329591EAA2748003911F8 /* Debug */ = {
			isa = XCBuildConfiguration;
			buildSettings = {
				ALWAYS_EMBED_SWIFT_STANDARD_LIBRARIES = YES;
				BUNDLE_LOADER = "$(TEST_HOST)";
				INFOPLIST_FILE = BitriseExampleTests/Info.plist;
				LD_RUNPATH_SEARCH_PATHS = "$(inherited) @executable_path/Frameworks @loader_path/Frameworks";
				PRODUCT_BUNDLE_IDENTIFIER = codebiscuits.BitriseExampleTests;
				PRODUCT_NAME = "$(TARGET_NAME)";
				SWIFT_VERSION = 3.0;
				TEST_HOST = "$(BUILT_PRODUCTS_DIR)/BitriseExampleV1.app/BitriseExampleV1";
			};
			name = Debug;
		};
		60A3295A1EAA2748003911F8 /* Release */ = {
			isa = XCBuildConfiguration;
			buildSettings = {
				ALWAYS_EMBED_SWIFT_STANDARD_LIBRARIES = YES;
				BUNDLE_LOADER = "$(TEST_HOST)";
				INFOPLIST_FILE = BitriseExampleTests/Info.plist;
				LD_RUNPATH_SEARCH_PATHS = "$(inherited) @executable_path/Frameworks @loader_path/Frameworks";
				PRODUCT_BUNDLE_IDENTIFIER = codebiscuits.BitriseExampleTests;
				PRODUCT_NAME = "$(TARGET_NAME)";
				SWIFT_VERSION = 3.0;
				TEST_HOST = "$(BUILT_PRODUCTS_DIR)/BitriseExampleV1.app/BitriseExampleV1";
			};
			name = Release;
		};
		60A3295C1EAA2748003911F8 /* Debug */ = {
			isa = XCBuildConfiguration;
			buildSettings = {
				ALWAYS_EMBED_SWIFT_STANDARD_LIBRARIES = YES;
				INFOPLIST_FILE = BitriseExampleUITests/Info.plist;
				LD_RUNPATH_SEARCH_PATHS = "$(inherited) @executable_path/Frameworks @loader_path/Frameworks";
				PRODUCT_BUNDLE_IDENTIFIER = codebiscuits.BitriseExampleUITests;
				PRODUCT_NAME = "$(TARGET_NAME)";
				SWIFT_VERSION = 3.0;
				TEST_TARGET_NAME = BitriseExample;
			};
			name = Debug;
		};
		60A3295D1EAA2748003911F8 /* Release */ = {
			isa = XCBuildConfiguration;
			buildSettings = {
				ALWAYS_EMBED_SWIFT_STANDARD_LIBRARIES = YES;
				INFOPLIST_FILE = BitriseExampleUITests/Info.plist;
				LD_RUNPATH_SEARCH_PATHS = "$(inherited) @executable_path/Frameworks @loader_path/Frameworks";
				PRODUCT_BUNDLE_IDENTIFIER = codebiscuits.BitriseExampleUITests;
				PRODUCT_NAME = "$(TARGET_NAME)";
				SWIFT_VERSION = 3.0;
				TEST_TARGET_NAME = BitriseExample;
			};
			name = Release;
		};
		60A329681EAA278F003911F8 /* Debug */ = {
			isa = XCBuildConfiguration;
			buildSettings = {
				ASSETCATALOG_COMPILER_APPICON_NAME = AppIcon;
				DEVELOPMENT_TEAM = L9X9NTL2UH;
				INFOPLIST_FILE = "$(SRCROOT)/BitriseExampleV2-Info.plist";
				LD_RUNPATH_SEARCH_PATHS = "$(inherited) @executable_path/Frameworks";
				PRODUCT_BUNDLE_IDENTIFIER = codebiscuits.BitriseExample;
				PRODUCT_NAME = "$(TARGET_NAME)";
				SWIFT_VERSION = 3.0;
			};
			name = Debug;
		};
		60A329691EAA278F003911F8 /* Release */ = {
			isa = XCBuildConfiguration;
			buildSettings = {
				ASSETCATALOG_COMPILER_APPICON_NAME = AppIcon;
				DEVELOPMENT_TEAM = L9X9NTL2UH;
				INFOPLIST_FILE = "$(SRCROOT)/BitriseExampleV2-Info.plist";
				LD_RUNPATH_SEARCH_PATHS = "$(inherited) @executable_path/Frameworks";
				PRODUCT_BUNDLE_IDENTIFIER = codebiscuits.BitriseExample;
				PRODUCT_NAME = "$(TARGET_NAME)";
				SWIFT_VERSION = 3.0;
			};
			name = Release;
		};
		60A329861EAA327C003911F8 /* Debug */ = {
			isa = XCBuildConfiguration;
			buildSettings = {
				ALWAYS_EMBED_SWIFT_STANDARD_LIBRARIES = YES;
				BUNDLE_LOADER = "$(TEST_HOST)";
				INFOPLIST_FILE = "BitriseExampleTests copy-Info.plist";
				LD_RUNPATH_SEARCH_PATHS = "$(inherited) @executable_path/Frameworks @loader_path/Frameworks";
				PRODUCT_BUNDLE_IDENTIFIER = codebiscuits.BitriseExampleTests;
				PRODUCT_NAME = "$(TARGET_NAME)";
				SWIFT_VERSION = 3.0;
				TEST_HOST = "$(BUILT_PRODUCTS_DIR)/BitriseExampleV2.app/BitriseExampleV2";
			};
			name = Debug;
		};
		60A329871EAA327C003911F8 /* Release */ = {
			isa = XCBuildConfiguration;
			buildSettings = {
				ALWAYS_EMBED_SWIFT_STANDARD_LIBRARIES = YES;
				BUNDLE_LOADER = "$(TEST_HOST)";
				INFOPLIST_FILE = "BitriseExampleTests copy-Info.plist";
				LD_RUNPATH_SEARCH_PATHS = "$(inherited) @executable_path/Frameworks @loader_path/Frameworks";
				PRODUCT_BUNDLE_IDENTIFIER = codebiscuits.BitriseExampleTests;
				PRODUCT_NAME = "$(TARGET_NAME)";
				SWIFT_VERSION = 3.0;
				TEST_HOST = "$(BUILT_PRODUCTS_DIR)/BitriseExampleV2.app/BitriseExampleV2";
			};
			name = Release;
		};
/* End XCBuildConfiguration section */

/* Begin XCConfigurationList section */
		60A329281EAA2748003911F8 /* Build configuration list for PBXProject "BitriseExample" */ = {
			isa = XCConfigurationList;
			buildConfigurations = (
				60A329531EAA2748003911F8 /* Debug */,
				60A329541EAA2748003911F8 /* Release */,
			);
			defaultConfigurationIsVisible = 0;
			defaultConfigurationName = Release;
		};
		60A329551EAA2748003911F8 /* Build configuration list for PBXNativeTarget "BitriseExampleV1" */ = {
			isa = XCConfigurationList;
			buildConfigurations = (
				60A329561EAA2748003911F8 /* Debug */,
				60A329571EAA2748003911F8 /* Release */,
			);
			defaultConfigurationIsVisible = 0;
			defaultConfigurationName = Release;
		};
		60A329581EAA2748003911F8 /* Build configuration list for PBXNativeTarget "BitriseExampleV1Tests" */ = {
			isa = XCConfigurationList;
			buildConfigurations = (
				60A329591EAA2748003911F8 /* Debug */,
				60A3295A1EAA2748003911F8 /* Release */,
			);
			defaultConfigurationIsVisible = 0;
			defaultConfigurationName = Release;
		};
		60A3295B1EAA2748003911F8 /* Build configuration list for PBXNativeTarget "BitriseExampleUITests" */ = {
			isa = XCConfigurationList;
			buildConfigurations = (
				60A3295C1EAA2748003911F8 /* Debug */,
				60A3295D1EAA2748003911F8 /* Release */,
			);
			defaultConfigurationIsVisible = 0;
			defaultConfigurationName = Release;
		};
		60A329671EAA278F003911F8 /* Build configuration list for PBXNativeTarget "BitriseExampleV2" */ = {
			isa = XCConfigurationList;
			buildConfigurations = (
				60A329681EAA278F003911F8 /* Debug */,
				60A329691EAA278F003911F8 /* Release */,
			);
			defaultConfigurationIsVisible = 0;
			defaultConfigurationName = Release;
		};
		60A329851EAA327C003911F8 /* Build configuration list for PBXNativeTarget "BitriseExampleV2Tests" */ = {
			isa = XCConfigurationList;
			buildConfigurations = (
				60A329861EAA327C003911F8 /* Debug */,
				60A329871EAA327C003911F8 /* Release */,
			);
			defaultConfigurationIsVisible = 0;
			defaultConfigurationName = Release;
		};
/* End XCConfigurationList section */
	};
	rootObject = 60A329251EAA2748003911F8 /* Project object */;
}
